
Microsoft Visual Studio Solution File, Format Version 12.00
# Visual Studio Version 17
VisualStudioVersion = 17.5.33530.505
MinimumVisualStudioVersion = 10.0.40219.1
Project("{FAE04EC0-301F-11D3-BF4B-00C04F79EFBC}") = "Models", "Models\Models.csproj", "{0FD9495A-5476-409E-BDC1-208E2FA77A71}"
EndProject
Project("{FAE04EC0-301F-11D3-BF4B-00C04F79EFBC}") = "App", "App\App.csproj", "{3A340D69-CF02-465C-9082-FEFDDE40DE9C}"
EndProject
Global
	GlobalSection(SolutionConfigurationPlatforms) = preSolution
		Debug|Any CPU = Debug|Any CPU
		Release|Any CPU = Release|Any CPU
	EndGlobalSection
	GlobalSection(ProjectConfigurationPlatforms) = postSolution
		{0FD9495A-5476-409E-BDC1-208E2FA77A71}.Debug|Any CPU.ActiveCfg = Debug|Any CPU
		{0FD9495A-5476-409E-BDC1-208E2FA77A71}.Debug|Any CPU.Build.0 = Debug|Any CPU
		{0FD9495A-5476-409E-BDC1-208E2FA77A71}.Release|Any CPU.ActiveCfg = Release|Any CPU
		{0FD9495A-5476-409E-BDC1-208E2FA77A71}.Release|Any CPU.Build.0 = Release|Any CPU
		{3A340D69-CF02-465C-9082-FEFDDE40DE9C}.Debug|Any CPU.ActiveCfg = Debug|Any CPU
		{3A340D69-CF02-465C-9082-FEFDDE40DE9C}.Debug|Any CPU.Build.0 = Debug|Any CPU
		{3A340D69-CF02-465C-9082-FEFDDE40DE9C}.Release|Any CPU.ActiveCfg = Release|Any CPU
		{3A340D69-CF02-465C-9082-FEFDDE40DE9C}.Release|Any CPU.Build.0 = Release|Any CPU
	EndGlobalSection
	GlobalSection(SolutionProperties) = preSolution
		HideSolutionNode = FALSE
	EndGlobalSection
	GlobalSection(ExtensibilityGlobals) = postSolution
		SolutionGuid = {0AAF89C3-1D04-482B-8E0E-103679E41642}
	EndGlobalSection
EndGlobal
